{
  "nodes": {
    "root": {
      "inputs": {
        "tokyonight": "tokyonight",
        "tokyonight-rofi": "tokyonight-rofi"
      }
    },
    "tokyonight": {
      "flake": false,
      "locked": {
        "lastModified": 1713855116,
        "narHash": "sha256-vUEPbgDen3ubcyJZdWCgnChOo1T0LFvZI++8RgGGx1Y=",
        "owner": "folke",
        "repo": "tokyonight.nvim",
        "rev": "67afeaf7fd6ebba000633e89f63c31694057edde",
        "type": "github"
      },
      "original": {
        "owner": "folke",
        "repo": "tokyonight.nvim",
        "type": "github"
      }
    },
    "tokyonight-rofi": {
      "flake": false,
      "locked": {
        "lastModified": 1710787931,
        "narHash": "sha256-bgRt1TEMSju4NzFu7jtLzGNBtKE7HHS+mscGYHK0xBM=",
        "owner": "w8ste",
        "repo": "Tokyonight-rofi-theme",
        "rev": "7400f6c3cc1ae5fa6c21c3dfce2421e6ee94322c",
        "type": "github"
      },
      "original": {
        "owner": "w8ste",
        "repo": "Tokyonight-rofi-theme",
        "type": "github"
      }
    }
  },
  "root": "root",
  "version": 7
}
